
Microsoft Visual Studio Solution File, Format Version 12.00
# Visual Studio 15
VisualStudioVersion = 15.0.33801.198
MinimumVisualStudioVersion = 10.0.40219.1
Project("{8BC9CEB8-8B4A-11D0-8D11-00A0C91BC942}") = "Projecting Point", "Projecting Point\Projecting Point.vcxproj", "{F627A938-6546-4F1F-9037-45FB0135ABCB}"
EndProject
Global
	GlobalSection(SolutionConfigurationPlatforms) = preSolution
		Debug|x64 = Debug|x64
		Debug|x86 = Debug|x86
		Release|x64 = Release|x64
		Release|x86 = Release|x86
	EndGlobalSection
	GlobalSection(ProjectConfigurationPlatforms) = postSolution
		{F627A938-6546-4F1F-9037-45FB0135ABCB}.Debug|x64.ActiveCfg = Debug|x64
		{F627A938-6546-4F1F-9037-45FB0135ABCB}.Debug|x64.Build.0 = Debug|x64
		{F627A938-6546-4F1F-9037-45FB0135ABCB}.Debug|x86.ActiveCfg = Debug|Win32
		{F627A938-6546-4F1F-9037-45FB0135ABCB}.Debug|x86.Build.0 = Debug|Win32
		{F627A938-6546-4F1F-9037-45FB0135ABCB}.Release|x64.ActiveCfg = Release|x64
		{F627A938-6546-4F1F-9037-45FB0135ABCB}.Release|x64.Build.0 = Release|x64
		{F627A938-6546-4F1F-9037-45FB0135ABCB}.Release|x86.ActiveCfg = Release|Win32
		{F627A938-6546-4F1F-9037-45FB0135ABCB}.Release|x86.Build.0 = Release|Win32
	EndGlobalSection
	GlobalSection(SolutionProperties) = preSolution
		HideSolutionNode = FALSE
	EndGlobalSection
	GlobalSection(ExtensibilityGlobals) = postSolution
		SolutionGuid = {8B96C6F0-0516-469D-B49C-47AC6E9E0F96}
	EndGlobalSection
EndGlobal
