
Microsoft Visual Studio Solution File, Format Version 12.00
# Visual Studio 15
VisualStudioVersion = 15.0.33801.198
MinimumVisualStudioVersion = 10.0.40219.1
Project("{8BC9CEB8-8B4A-11D0-8D11-00A0C91BC942}") = "Intersecting points", "Intersecting points\Intersecting points.vcxproj", "{F1B99E9B-EB22-490B-A991-8BF0211BEC27}"
EndProject
Global
	GlobalSection(SolutionConfigurationPlatforms) = preSolution
		Debug|x64 = Debug|x64
		Debug|x86 = Debug|x86
		Release|x64 = Release|x64
		Release|x86 = Release|x86
	EndGlobalSection
	GlobalSection(ProjectConfigurationPlatforms) = postSolution
		{F1B99E9B-EB22-490B-A991-8BF0211BEC27}.Debug|x64.ActiveCfg = Debug|x64
		{F1B99E9B-EB22-490B-A991-8BF0211BEC27}.Debug|x64.Build.0 = Debug|x64
		{F1B99E9B-EB22-490B-A991-8BF0211BEC27}.Debug|x86.ActiveCfg = Debug|Win32
		{F1B99E9B-EB22-490B-A991-8BF0211BEC27}.Debug|x86.Build.0 = Debug|Win32
		{F1B99E9B-EB22-490B-A991-8BF0211BEC27}.Release|x64.ActiveCfg = Release|x64
		{F1B99E9B-EB22-490B-A991-8BF0211BEC27}.Release|x64.Build.0 = Release|x64
		{F1B99E9B-EB22-490B-A991-8BF0211BEC27}.Release|x86.ActiveCfg = Release|Win32
		{F1B99E9B-EB22-490B-A991-8BF0211BEC27}.Release|x86.Build.0 = Release|Win32
	EndGlobalSection
	GlobalSection(SolutionProperties) = preSolution
		HideSolutionNode = FALSE
	EndGlobalSection
	GlobalSection(ExtensibilityGlobals) = postSolution
		SolutionGuid = {28AEAB74-6B4E-45C9-9C68-37B1D8FE71B7}
	EndGlobalSection
EndGlobal
