
Microsoft Visual Studio Solution File, Format Version 12.00
# Visual Studio 15
VisualStudioVersion = 15.0.33801.198
MinimumVisualStudioVersion = 10.0.40219.1
Project("{8BC9CEB8-8B4A-11D0-8D11-00A0C91BC942}") = "Rotating Line", "Rotating Line\Rotating Line.vcxproj", "{71EDD3BC-BB9A-48E9-836F-F6D03D83A95B}"
EndProject
Global
	GlobalSection(SolutionConfigurationPlatforms) = preSolution
		Debug|x64 = Debug|x64
		Debug|x86 = Debug|x86
		Release|x64 = Release|x64
		Release|x86 = Release|x86
	EndGlobalSection
	GlobalSection(ProjectConfigurationPlatforms) = postSolution
		{71EDD3BC-BB9A-48E9-836F-F6D03D83A95B}.Debug|x64.ActiveCfg = Debug|x64
		{71EDD3BC-BB9A-48E9-836F-F6D03D83A95B}.Debug|x64.Build.0 = Debug|x64
		{71EDD3BC-BB9A-48E9-836F-F6D03D83A95B}.Debug|x86.ActiveCfg = Debug|Win32
		{71EDD3BC-BB9A-48E9-836F-F6D03D83A95B}.Debug|x86.Build.0 = Debug|Win32
		{71EDD3BC-BB9A-48E9-836F-F6D03D83A95B}.Release|x64.ActiveCfg = Release|x64
		{71EDD3BC-BB9A-48E9-836F-F6D03D83A95B}.Release|x64.Build.0 = Release|x64
		{71EDD3BC-BB9A-48E9-836F-F6D03D83A95B}.Release|x86.ActiveCfg = Release|Win32
		{71EDD3BC-BB9A-48E9-836F-F6D03D83A95B}.Release|x86.Build.0 = Release|Win32
	EndGlobalSection
	GlobalSection(SolutionProperties) = preSolution
		HideSolutionNode = FALSE
	EndGlobalSection
	GlobalSection(ExtensibilityGlobals) = postSolution
		SolutionGuid = {84A69BE8-31CF-4F89-B97F-1CB56DC12DBE}
	EndGlobalSection
EndGlobal
